
Microsoft Visual Studio Solution File, Format Version 12.00
# Visual Studio Version 17
VisualStudioVersion = 17.3.32922.545
MinimumVisualStudioVersion = 10.0.40219.1
Project("{8BC9CEB8-8B4A-11D0-8D11-00A0C91BC942}") = "GlosSITarget", "GlosSITarget\GlosSITarget.vcxproj", "{076E263E-0687-4435-836E-8F4EF6668843}"
	ProjectSection(ProjectDependencies) = postProject
		{74FBA967-AB7E-43EA-B561-3F4821954B3B} = {74FBA967-AB7E-43EA-B561-3F4821954B3B}
	EndProjectSection
EndProject
Project("{8BC9CEB8-8B4A-11D0-8D11-00A0C91BC942}") = "GlosSIConfig", "GlosSIConfig\GlosSIConfig.vcxproj", "{4B42920B-3CC6-475F-A5B3-441337968483}"
EndProject
Project("{8BC9CEB8-8B4A-11D0-8D11-00A0C91BC942}") = "UWPOverlayEnablerDLL", "UWPOverlayEnablerDLL\UWPOverlayEnablerDLL.vcxproj", "{50212575-87E2-40AB-87EE-EAED19C8EBB2}"
EndProject
Project("{8BC9CEB8-8B4A-11D0-8D11-00A0C91BC942}") = "GlosSIWatchdog", "GlosSIWatchdog\GlosSIWatchdog.vcxproj", "{BF273B90-CB69-43C8-9AF6-F3256DAFD41E}"
	ProjectSection(ProjectDependencies) = postProject
		{74FBA967-AB7E-43EA-B561-3F4821954B3B} = {74FBA967-AB7E-43EA-B561-3F4821954B3B}
	EndProjectSection
EndProject
Project("{8BC9CEB8-8B4A-11D0-8D11-00A0C91BC942}") = "CEFInjectLib", "CEFInjectLib\CEFInjectLib.vcxproj", "{74FBA967-AB7E-43EA-B561-3F4821954B3B}"
EndProject
Project("{8BC9CEB8-8B4A-11D0-8D11-00A0C91BC942}") = "common", "common\common.vcxproj", "{DFED4B7E-D04C-442B-BB48-5B6068A6B31B}"
EndProject
Global
	GlobalSection(SolutionConfigurationPlatforms) = preSolution
		Debug|x64 = Debug|x64
		Debug|x86 = Debug|x86
		Release|x64 = Release|x64
		Release|x86 = Release|x86
	EndGlobalSection
	GlobalSection(ProjectConfigurationPlatforms) = postSolution
		{076E263E-0687-4435-836E-8F4EF6668843}.Debug|x64.ActiveCfg = Debug|x64
		{076E263E-0687-4435-836E-8F4EF6668843}.Debug|x64.Build.0 = Debug|x64
		{076E263E-0687-4435-836E-8F4EF6668843}.Debug|x86.ActiveCfg = Debug|Win32
		{076E263E-0687-4435-836E-8F4EF6668843}.Debug|x86.Build.0 = Debug|Win32
		{076E263E-0687-4435-836E-8F4EF6668843}.Release|x64.ActiveCfg = Release|x64
		{076E263E-0687-4435-836E-8F4EF6668843}.Release|x64.Build.0 = Release|x64
		{076E263E-0687-4435-836E-8F4EF6668843}.Release|x86.ActiveCfg = Release|Win32
		{076E263E-0687-4435-836E-8F4EF6668843}.Release|x86.Build.0 = Release|Win32
		{4B42920B-3CC6-475F-A5B3-441337968483}.Debug|x64.ActiveCfg = Debug|x64
		{4B42920B-3CC6-475F-A5B3-441337968483}.Debug|x64.Build.0 = Debug|x64
		{4B42920B-3CC6-475F-A5B3-441337968483}.Debug|x86.ActiveCfg = Debug|x64
		{4B42920B-3CC6-475F-A5B3-441337968483}.Release|x64.ActiveCfg = Release|x64
		{4B42920B-3CC6-475F-A5B3-441337968483}.Release|x64.Build.0 = Release|x64
		{4B42920B-3CC6-475F-A5B3-441337968483}.Release|x86.ActiveCfg = Release|x64
		{50212575-87E2-40AB-87EE-EAED19C8EBB2}.Debug|x64.ActiveCfg = Debug|x64
		{50212575-87E2-40AB-87EE-EAED19C8EBB2}.Debug|x64.Build.0 = Debug|x64
		{50212575-87E2-40AB-87EE-EAED19C8EBB2}.Debug|x86.ActiveCfg = Debug|Win32
		{50212575-87E2-40AB-87EE-EAED19C8EBB2}.Debug|x86.Build.0 = Debug|Win32
		{50212575-87E2-40AB-87EE-EAED19C8EBB2}.Release|x64.ActiveCfg = Release|x64
		{50212575-87E2-40AB-87EE-EAED19C8EBB2}.Release|x64.Build.0 = Release|x64
		{50212575-87E2-40AB-87EE-EAED19C8EBB2}.Release|x86.ActiveCfg = Release|Win32
		{50212575-87E2-40AB-87EE-EAED19C8EBB2}.Release|x86.Build.0 = Release|Win32
		{BF273B90-CB69-43C8-9AF6-F3256DAFD41E}.Debug|x64.ActiveCfg = Debug|x64
		{BF273B90-CB69-43C8-9AF6-F3256DAFD41E}.Debug|x64.Build.0 = Debug|x64
		{BF273B90-CB69-43C8-9AF6-F3256DAFD41E}.Debug|x86.ActiveCfg = Debug|Win32
		{BF273B90-CB69-43C8-9AF6-F3256DAFD41E}.Debug|x86.Build.0 = Debug|Win32
		{BF273B90-CB69-43C8-9AF6-F3256DAFD41E}.Release|x64.ActiveCfg = Release|x64
		{BF273B90-CB69-43C8-9AF6-F3256DAFD41E}.Release|x64.Build.0 = Release|x64
		{BF273B90-CB69-43C8-9AF6-F3256DAFD41E}.Release|x86.ActiveCfg = Release|Win32
		{BF273B90-CB69-43C8-9AF6-F3256DAFD41E}.Release|x86.Build.0 = Release|Win32
		{74FBA967-AB7E-43EA-B561-3F4821954B3B}.Debug|x64.ActiveCfg = Debug|x64
		{74FBA967-AB7E-43EA-B561-3F4821954B3B}.Debug|x64.Build.0 = Debug|x64
		{74FBA967-AB7E-43EA-B561-3F4821954B3B}.Debug|x86.ActiveCfg = Debug|Win32
		{74FBA967-AB7E-43EA-B561-3F4821954B3B}.Debug|x86.Build.0 = Debug|Win32
		{74FBA967-AB7E-43EA-B561-3F4821954B3B}.Release|x64.ActiveCfg = Release|x64
		{74FBA967-AB7E-43EA-B561-3F4821954B3B}.Release|x64.Build.0 = Release|x64
		{74FBA967-AB7E-43EA-B561-3F4821954B3B}.Release|x86.ActiveCfg = Release|Win32
		{74FBA967-AB7E-43EA-B561-3F4821954B3B}.Release|x86.Build.0 = Release|Win32
		{DFED4B7E-D04C-442B-BB48-5B6068A6B31B}.Debug|x64.ActiveCfg = Debug|x64
		{DFED4B7E-D04C-442B-BB48-5B6068A6B31B}.Debug|x86.ActiveCfg = Debug|Win32
		{DFED4B7E-D04C-442B-BB48-5B6068A6B31B}.Debug|x86.Build.0 = Debug|Win32
		{DFED4B7E-D04C-442B-BB48-5B6068A6B31B}.Release|x64.ActiveCfg = Release|x64
		{DFED4B7E-D04C-442B-BB48-5B6068A6B31B}.Release|x86.ActiveCfg = Release|Win32
		{DFED4B7E-D04C-442B-BB48-5B6068A6B31B}.Release|x86.Build.0 = Release|Win32
	EndGlobalSection
	GlobalSection(SolutionProperties) = preSolution
		HideSolutionNode = FALSE
	EndGlobalSection
	GlobalSection(ExtensibilityGlobals) = postSolution
		Qt5Version = 6.2.2_msvc2019_64
		SolutionGuid = {789386B6-7D1E-4F9C-BF2E-9B5EDC3BB7C8}
	EndGlobalSection
EndGlobal
