<?xml version="1.0" encoding="utf-8"?>
<Project ToolsVersion="4.0" xmlns="http://schemas.microsoft.com/developer/msbuild/2003">
  <ItemGroup>
    <Filter Include="Source Files">
      <UniqueIdentifier>{4FC737F1-C7A5-4376-A066-2A32D752A2FF}</UniqueIdentifier>
      <Extensions>cpp;c;cc;cxx;c++;cppm;ixx;def;odl;idl;hpj;bat;asm;asmx</Extensions>
    </Filter>
    <Filter Include="Header Files">
      <UniqueIdentifier>{93995380-89BD-4b04-88EB-625FBE52EBFB}</UniqueIdentifier>
      <Extensions>h;hh;hpp;hxx;h++;hm;inl;inc;ipp;xsd</Extensions>
    </Filter>
    <Filter Include="Resource Files">
      <UniqueIdentifier>{67DA6AB6-F800-4c08-8B7A-83BB121AAD01}</UniqueIdentifier>
      <Extensions>rc;ico;cur;bmp;dlg;rc2;rct;bin;rgs;gif;jpg;jpeg;jpe;resx;tiff;tif;png;wav;mfcribbon-ms</Extensions>
    </Filter>
    <Filter Include="Source Files\imgui">
      <UniqueIdentifier>{2c3e6fba-dedb-4076-b773-ef773c7773fd}</UniqueIdentifier>
    </Filter>
    <Filter Include="Header Files\imgui">
      <UniqueIdentifier>{c54f210b-d322-4887-8bc4-403e6235e7cd}</UniqueIdentifier>
    </Filter>
    <Filter Include="Header Files\subhook">
      <UniqueIdentifier>{5923a6d8-ec50-409b-a004-5566024d25d6}</UniqueIdentifier>
    </Filter>
    <Filter Include="Source Files\subhook">
      <UniqueIdentifier>{2b9ce4e5-3909-4902-bac0-b68210377d54}</UniqueIdentifier>
    </Filter>
    <Filter Include="Source Files\imgui-sfml">
      <UniqueIdentifier>{70a0a051-1ecd-4e98-9da4-7ecc5fefb467}</UniqueIdentifier>
    </Filter>
    <Filter Include="Header Files\imgui-sfml">
      <UniqueIdentifier>{5e050d12-af62-455e-afb1-d8a253f06ab8}</UniqueIdentifier>
    </Filter>
    <Filter Include="Source Files\tray">
      <UniqueIdentifier>{fae52f0e-0152-49bd-8d74-a327f54bb789}</UniqueIdentifier>
    </Filter>
  </ItemGroup>
  <ItemGroup>
    <ClCompile Include="main.cpp">
      <Filter>Source Files</Filter>
    </ClCompile>
    <ClCompile Include="SteamTarget.cpp">
      <Filter>Source Files</Filter>
    </ClCompile>
    <ClCompile Include="TargetWindow.cpp">
      <Filter>Source Files</Filter>
    </ClCompile>
    <ClCompile Include="SteamOverlayDetector.cpp">
      <Filter>Source Files</Filter>
    </ClCompile>
    <ClCompile Include="InputRedirector.cpp">
      <Filter>Source Files</Filter>
    </ClCompile>
    <ClCompile Include="HidHide.cpp">
      <Filter>Source Files</Filter>
    </ClCompile>
    <ClCompile Include="Overlay.cpp">
      <Filter>Source Files</Filter>
    </ClCompile>
    <ClCompile Include="..\deps\imgui\imgui_widgets.cpp">
      <Filter>Source Files\imgui</Filter>
    </ClCompile>
    <ClCompile Include="..\deps\imgui\imgui.cpp">
      <Filter>Source Files\imgui</Filter>
    </ClCompile>
    <ClCompile Include="..\deps\imgui\imgui_draw.cpp">
      <Filter>Source Files\imgui</Filter>
    </ClCompile>
    <ClCompile Include="..\deps\imgui\imgui_tables.cpp">
      <Filter>Source Files\imgui</Filter>
    </ClCompile>
    <ClCompile Include="..\deps\subhook\subhook.c">
      <Filter>Source Files\subhook</Filter>
    </ClCompile>
    <ClCompile Include="..\deps\imgui-sfml\imgui-SFML.cpp">
      <Filter>Source Files\imgui-sfml</Filter>
    </ClCompile>
    <ClCompile Include="AppLauncher.cpp">
      <Filter>Source Files</Filter>
    </ClCompile>
    <ClCompile Include="..\deps\traypp\tray\src\core\windows\icon.cpp">
      <Filter>Source Files\tray</Filter>
    </ClCompile>
    <ClCompile Include="..\deps\traypp\tray\src\core\windows\image.cpp">
      <Filter>Source Files\tray</Filter>
    </ClCompile>
    <ClCompile Include="..\deps\traypp\tray\src\core\windows\tray.cpp">
      <Filter>Source Files\tray</Filter>
    </ClCompile>
    <ClCompile Include="..\deps\traypp\tray\src\core\entry.cpp">
      <Filter>Source Files\tray</Filter>
    </ClCompile>
    <ClCompile Include="..\deps\traypp\tray\src\core\traybase.cpp">
      <Filter>Source Files\tray</Filter>
    </ClCompile>
    <ClCompile Include="..\deps\traypp\tray\src\components\button.cpp">
      <Filter>Source Files\tray</Filter>
    </ClCompile>
    <ClCompile Include="..\deps\traypp\tray\src\components\imagebutton.cpp">
      <Filter>Source Files\tray</Filter>
    </ClCompile>
    <ClCompile Include="..\deps\traypp\tray\src\components\label.cpp">
      <Filter>Source Files\tray</Filter>
    </ClCompile>
    <ClCompile Include="..\deps\traypp\tray\src\components\separator.cpp">
      <Filter>Source Files\tray</Filter>
    </ClCompile>
    <ClCompile Include="..\deps\traypp\tray\src\components\submenu.cpp">
      <Filter>Source Files\tray</Filter>
    </ClCompile>
    <ClCompile Include="..\deps\traypp\tray\src\components\syncedtoggle.cpp">
      <Filter>Source Files\tray</Filter>
    </ClCompile>
    <ClCompile Include="..\deps\traypp\tray\src\components\toggle.cpp">
      <Filter>Source Files\tray</Filter>
    </ClCompile>
  </ItemGroup>
  <ItemGroup>
    <ClInclude Include="SteamTarget.h">
      <Filter>Header Files</Filter>
    </ClInclude>
    <ClInclude Include="TargetWindow.h">
      <Filter>Header Files</Filter>
    </ClInclude>
    <ClInclude Include="SteamOverlayDetector.h">
      <Filter>Header Files</Filter>
    </ClInclude>
    <ClInclude Include="steam_sf_keymap.h">
      <Filter>Header Files</Filter>
    </ClInclude>
    <ClInclude Include="InputRedirector.h">
      <Filter>Header Files</Filter>
    </ClInclude>
    <ClInclude Include="HidHide.h">
      <Filter>Header Files</Filter>
    </ClInclude>
    <ClInclude Include="Overlay.h">
      <Filter>Header Files</Filter>
    </ClInclude>
    <ClInclude Include="imconfig.h">
      <Filter>Header Files</Filter>
    </ClInclude>
    <ClInclude Include="..\deps\imgui\imgui.h">
      <Filter>Header Files\imgui</Filter>
    </ClInclude>
    <ClInclude Include="..\deps\subhook\subhook.h">
      <Filter>Header Files\subhook</Filter>
    </ClInclude>
    <ClInclude Include="..\deps\imgui-sfml\imgui-SFML.h">
      <Filter>Header Files\imgui-sfml</Filter>
    </ClInclude>
    <ClInclude Include="OverlayLogSink.h">
      <Filter>Header Files</Filter>
    </ClInclude>
    <ClInclude Include="AppLauncher.h">
      <Filter>Header Files</Filter>
    </ClInclude>
    <ClInclude Include="Settings.h">
      <Filter>Header Files</Filter>
    </ClInclude>
    <ClInclude Include="resource.h">
      <Filter>Header Files</Filter>
    </ClInclude>
    <ClInclude Include="Roboto.h">
      <Filter>Header Files</Filter>
    </ClInclude>
    <ClInclude Include="DllInjector.h">
      <Filter>Header Files</Filter>
    </ClInclude>
    <ClInclude Include="UWPOverlayEnabler.h">
      <Filter>Header Files</Filter>
    </ClInclude>
    <ClInclude Include="ProcessPriority.h">
      <Filter>Header Files</Filter>
    </ClInclude>
    <ClInclude Include="GlosSI_logo.h">
      <Filter>Header Files</Filter>
    </ClInclude>
  </ItemGroup>
  <ItemGroup>
    <None Include="..\deps\SFML\out\Debug\lib\Debug\sfml-system-d-2.dll" />
    <None Include="..\deps\SFML\out\Debug\lib\Debug\sfml-window-d-2.dll" />
    <None Include="..\deps\SFML\out\Debug\lib\Debug\sfml-graphics-d-2.dll" />
    <None Include=".clang-format" />
    <None Include="example_conf.json">
      <Filter>Source Files</Filter>
    </None>
    <None Include="..\deps\SFML\out\Release\lib\RelWithDebInfo\sfml-graphics-2.dll" />
    <None Include="..\deps\SFML\out\Release\lib\RelWithDebInfo\sfml-system-2.dll" />
    <None Include="..\deps\SFML\out\Release\lib\RelWithDebInfo\sfml-window-2.dll" />
  </ItemGroup>
  <ItemGroup>
    <ResourceCompile Include="Resource.rc">
      <Filter>Resource Files</Filter>
    </ResourceCompile>
  </ItemGroup>
  <ItemGroup>
    <Image Include="..\GlosSI_Icon.ico">
      <Filter>Resource Files</Filter>
    </Image>
  </ItemGroup>
</Project>